
Microsoft Visual Studio Solution File, Format Version 12.00
# Visual Studio 2013
VisualStudioVersion = 12.0.21005.1
MinimumVisualStudioVersion = 10.0.40219.1
Project("{FAE04EC0-301F-11D3-BF4B-00C04F79EFBC}") = "Shownet", "Shownet\Shownet.csproj", "{9679311C-45D1-4F52-A097-227D44E567FA}"
EndProject
Project("{FAE04EC0-301F-11D3-BF4B-00C04F79EFBC}") = "DataAccess", "DataAccess\DataAccess.csproj", "{51922638-7B97-4BD7-B30E-BF49689F2139}"
EndProject
Project("{FAE04EC0-301F-11D3-BF4B-00C04F79EFBC}") = "ViewModel", "ViewModel\ViewModel.csproj", "{91DBEBCE-8169-40C1-AEAE-51F0C35BF5E6}"
EndProject
Project("{FAE04EC0-301F-11D3-BF4B-00C04F79EFBC}") = "CommanLibrary", "CommanLibrary\CommanLibrary.csproj", "{424BAEA1-DDD9-450D-A1B2-E988E16E01F2}"
EndProject
Global
	GlobalSection(SolutionConfigurationPlatforms) = preSolution
		Debug|Any CPU = Debug|Any CPU
		Release|Any CPU = Release|Any CPU
	EndGlobalSection
	GlobalSection(ProjectConfigurationPlatforms) = postSolution
		{9679311C-45D1-4F52-A097-227D44E567FA}.Debug|Any CPU.ActiveCfg = Debug|Any CPU
		{9679311C-45D1-4F52-A097-227D44E567FA}.Debug|Any CPU.Build.0 = Debug|Any CPU
		{9679311C-45D1-4F52-A097-227D44E567FA}.Release|Any CPU.ActiveCfg = Release|Any CPU
		{9679311C-45D1-4F52-A097-227D44E567FA}.Release|Any CPU.Build.0 = Release|Any CPU
		{51922638-7B97-4BD7-B30E-BF49689F2139}.Debug|Any CPU.ActiveCfg = Debug|Any CPU
		{51922638-7B97-4BD7-B30E-BF49689F2139}.Debug|Any CPU.Build.0 = Debug|Any CPU
		{51922638-7B97-4BD7-B30E-BF49689F2139}.Release|Any CPU.ActiveCfg = Release|Any CPU
		{51922638-7B97-4BD7-B30E-BF49689F2139}.Release|Any CPU.Build.0 = Release|Any CPU
		{91DBEBCE-8169-40C1-AEAE-51F0C35BF5E6}.Debug|Any CPU.ActiveCfg = Debug|Any CPU
		{91DBEBCE-8169-40C1-AEAE-51F0C35BF5E6}.Debug|Any CPU.Build.0 = Debug|Any CPU
		{91DBEBCE-8169-40C1-AEAE-51F0C35BF5E6}.Release|Any CPU.ActiveCfg = Release|Any CPU
		{91DBEBCE-8169-40C1-AEAE-51F0C35BF5E6}.Release|Any CPU.Build.0 = Release|Any CPU
		{424BAEA1-DDD9-450D-A1B2-E988E16E01F2}.Debug|Any CPU.ActiveCfg = Debug|Any CPU
		{424BAEA1-DDD9-450D-A1B2-E988E16E01F2}.Debug|Any CPU.Build.0 = Debug|Any CPU
		{424BAEA1-DDD9-450D-A1B2-E988E16E01F2}.Release|Any CPU.ActiveCfg = Release|Any CPU
		{424BAEA1-DDD9-450D-A1B2-E988E16E01F2}.Release|Any CPU.Build.0 = Release|Any CPU
	EndGlobalSection
	GlobalSection(SolutionProperties) = preSolution
		HideSolutionNode = FALSE
	EndGlobalSection
EndGlobal
